
Microsoft Visual Studio Solution File, Format Version 12.00
# Visual Studio 2012
Project("{FAE04EC0-301F-11D3-BF4B-00C04F79EFBC}") = "NaCl", "NaCl.csproj", "{B22D5E91-ABD3-4EC8-9C0A-7E8029235DFA}"
EndProject
Project("{FAE04EC0-301F-11D3-BF4B-00C04F79EFBC}") = "NaClTest", "..\NaClTest\NaClTest.csproj", "{9DBF8CF7-2D7E-4685-A390-6432B46D5A2E}"
EndProject
Global
	GlobalSection(TeamFoundationVersionControl) = preSolution
		SccNumberOfProjects = 3
		SccEnterpriseProvider = {4CA58AB2-18FA-4F8D-95D4-32DDF27D184C}
		SccTeamFoundationServer = http://tfs.floggi.com:8080/
		SccLocalPath0 = .
		SccProjectUniqueName1 = NaCl.csproj
		SccLocalPath1 = .
		SccProjectUniqueName2 = ..\\NaClTest\\NaClTest.csproj
		SccProjectName2 = ../NaClTest
		SccLocalPath2 = ..\\NaClTest
	EndGlobalSection
	GlobalSection(SolutionConfigurationPlatforms) = preSolution
		Debug|Any CPU = Debug|Any CPU
		Release|Any CPU = Release|Any CPU
	EndGlobalSection
	GlobalSection(ProjectConfigurationPlatforms) = postSolution
		{B22D5E91-ABD3-4EC8-9C0A-7E8029235DFA}.Debug|Any CPU.ActiveCfg = Debug|Any CPU
		{B22D5E91-ABD3-4EC8-9C0A-7E8029235DFA}.Debug|Any CPU.Build.0 = Debug|Any CPU
		{B22D5E91-ABD3-4EC8-9C0A-7E8029235DFA}.Release|Any CPU.ActiveCfg = Release|Any CPU
		{B22D5E91-ABD3-4EC8-9C0A-7E8029235DFA}.Release|Any CPU.Build.0 = Release|Any CPU
		{9DBF8CF7-2D7E-4685-A390-6432B46D5A2E}.Debug|Any CPU.ActiveCfg = Debug|Any CPU
		{9DBF8CF7-2D7E-4685-A390-6432B46D5A2E}.Debug|Any CPU.Build.0 = Debug|Any CPU
		{9DBF8CF7-2D7E-4685-A390-6432B46D5A2E}.Release|Any CPU.ActiveCfg = Release|Any CPU
		{9DBF8CF7-2D7E-4685-A390-6432B46D5A2E}.Release|Any CPU.Build.0 = Release|Any CPU
	EndGlobalSection
	GlobalSection(SolutionProperties) = preSolution
		HideSolutionNode = FALSE
	EndGlobalSection
EndGlobal
